
Microsoft Visual Studio Solution File, Format Version 11.00
# Visual Studio 2010 Express for Windows Phone
Project("{FAE04EC0-301F-11D3-BF4B-00C04F79EFBC}") = "M64.AI", "M64.AI\M64.AI.csproj", "{F530F9E6-9ABE-4CE8-9FFC-A319ECF9CD1D}"
EndProject
Project("{FAE04EC0-301F-11D3-BF4B-00C04F79EFBC}") = "M64.Engine", "M64.Engine\M64.Engine.csproj", "{3CD67FBD-7C40-4A34-B2A0-35336EC90674}"
EndProject
Global
	GlobalSection(SolutionConfigurationPlatforms) = preSolution
		Debug|Windows Phone = Debug|Windows Phone
		Release|Windows Phone = Release|Windows Phone
	EndGlobalSection
	GlobalSection(ProjectConfigurationPlatforms) = postSolution
		{F530F9E6-9ABE-4CE8-9FFC-A319ECF9CD1D}.Debug|Windows Phone.ActiveCfg = Debug|Windows Phone
		{F530F9E6-9ABE-4CE8-9FFC-A319ECF9CD1D}.Debug|Windows Phone.Build.0 = Debug|Windows Phone
		{F530F9E6-9ABE-4CE8-9FFC-A319ECF9CD1D}.Release|Windows Phone.ActiveCfg = Release|Windows Phone
		{F530F9E6-9ABE-4CE8-9FFC-A319ECF9CD1D}.Release|Windows Phone.Build.0 = Release|Windows Phone
		{3CD67FBD-7C40-4A34-B2A0-35336EC90674}.Debug|Windows Phone.ActiveCfg = Debug|Windows Phone
		{3CD67FBD-7C40-4A34-B2A0-35336EC90674}.Debug|Windows Phone.Build.0 = Debug|Windows Phone
		{3CD67FBD-7C40-4A34-B2A0-35336EC90674}.Release|Windows Phone.ActiveCfg = Release|Windows Phone
		{3CD67FBD-7C40-4A34-B2A0-35336EC90674}.Release|Windows Phone.Build.0 = Release|Windows Phone
	EndGlobalSection
	GlobalSection(SolutionProperties) = preSolution
		HideSolutionNode = FALSE
	EndGlobalSection
EndGlobal
